
Microsoft Visual Studio Solution File, Format Version 12.00
# Visual Studio Version 17
VisualStudioVersion = 17.9.34728.123
MinimumVisualStudioVersion = 10.0.40219.1
Project("{9A19103F-16F7-4668-BE54-9A1E7A4F7556}") = "Data", "SistemaGestionVentasTP1\Data.csproj", "{B9EFA2A2-9546-4AC2-9145-FCB085B89829}"
EndProject
Project("{9A19103F-16F7-4668-BE54-9A1E7A4F7556}") = "Aplicacion", "AccesoBD\Aplicacion.csproj", "{E016BC3F-A0B1-4E0F-8D4F-76E7EE5DB4DD}"
EndProject
Project("{9A19103F-16F7-4668-BE54-9A1E7A4F7556}") = "View", "View\View.csproj", "{80A9B004-9B8D-4931-AC06-AB2BDBBDDEB3}"
EndProject
Project("{FAE04EC0-301F-11D3-BF4B-00C04F79EFBC}") = "Configuration", "Configuration\Configuration.csproj", "{31437119-EC23-4DC2-895A-F6BE3E03DA30}"
EndProject
Global
	GlobalSection(SolutionConfigurationPlatforms) = preSolution
		Debug|Any CPU = Debug|Any CPU
		Release|Any CPU = Release|Any CPU
	EndGlobalSection
	GlobalSection(ProjectConfigurationPlatforms) = postSolution
		{B9EFA2A2-9546-4AC2-9145-FCB085B89829}.Debug|Any CPU.ActiveCfg = Debug|Any CPU
		{B9EFA2A2-9546-4AC2-9145-FCB085B89829}.Debug|Any CPU.Build.0 = Debug|Any CPU
		{B9EFA2A2-9546-4AC2-9145-FCB085B89829}.Release|Any CPU.ActiveCfg = Release|Any CPU
		{B9EFA2A2-9546-4AC2-9145-FCB085B89829}.Release|Any CPU.Build.0 = Release|Any CPU
		{E016BC3F-A0B1-4E0F-8D4F-76E7EE5DB4DD}.Debug|Any CPU.ActiveCfg = Debug|Any CPU
		{E016BC3F-A0B1-4E0F-8D4F-76E7EE5DB4DD}.Debug|Any CPU.Build.0 = Debug|Any CPU
		{E016BC3F-A0B1-4E0F-8D4F-76E7EE5DB4DD}.Release|Any CPU.ActiveCfg = Release|Any CPU
		{E016BC3F-A0B1-4E0F-8D4F-76E7EE5DB4DD}.Release|Any CPU.Build.0 = Release|Any CPU
		{80A9B004-9B8D-4931-AC06-AB2BDBBDDEB3}.Debug|Any CPU.ActiveCfg = Debug|Any CPU
		{80A9B004-9B8D-4931-AC06-AB2BDBBDDEB3}.Debug|Any CPU.Build.0 = Debug|Any CPU
		{80A9B004-9B8D-4931-AC06-AB2BDBBDDEB3}.Release|Any CPU.ActiveCfg = Release|Any CPU
		{80A9B004-9B8D-4931-AC06-AB2BDBBDDEB3}.Release|Any CPU.Build.0 = Release|Any CPU
		{31437119-EC23-4DC2-895A-F6BE3E03DA30}.Debug|Any CPU.ActiveCfg = Debug|Any CPU
		{31437119-EC23-4DC2-895A-F6BE3E03DA30}.Debug|Any CPU.Build.0 = Debug|Any CPU
		{31437119-EC23-4DC2-895A-F6BE3E03DA30}.Release|Any CPU.ActiveCfg = Release|Any CPU
		{31437119-EC23-4DC2-895A-F6BE3E03DA30}.Release|Any CPU.Build.0 = Release|Any CPU
	EndGlobalSection
	GlobalSection(SolutionProperties) = preSolution
		HideSolutionNode = FALSE
	EndGlobalSection
	GlobalSection(ExtensibilityGlobals) = postSolution
		SolutionGuid = {04F7526C-7691-41E4-BF19-9456AF795010}
	EndGlobalSection
EndGlobal
